// !$*UTF8*$!
{
	archiveVersion = 1;
	classes = {
	};
	objectVersion = 56;
	objects = {

/* Begin PBXBuildFile section */
		F03F6A8429CA002B0092BDF6 /* Constants.swift in Sources */ = {isa = PBXBuildFile; fileRef = F03F6A8329CA002B0092BDF6 /* Constants.swift */; };
		F054909429C9DE0F003418F6 /* ChangeableServiceApp.swift in Sources */ = {isa = PBXBuildFile; fileRef = F054909329C9DE0F003418F6 /* ChangeableServiceApp.swift */; };
		F054909629C9DE0F003418F6 /* ContentView.swift in Sources */ = {isa = PBXBuildFile; fileRef = F054909529C9DE0F003418F6 /* ContentView.swift */; };
		F054909829C9DE0F003418F6 /* Assets.xcassets in Resources */ = {isa = PBXBuildFile; fileRef = F054909729C9DE0F003418F6 /* Assets.xcassets */; };
		F054909B29C9DE0F003418F6 /* Preview Assets.xcassets in Resources */ = {isa = PBXBuildFile; fileRef = F054909A29C9DE0F003418F6 /* Preview Assets.xcassets */; };
		F05490A329C9DF91003418F6 /* User.swift in Sources */ = {isa = PBXBuildFile; fileRef = F05490A229C9DF91003418F6 /* User.swift */; };
		F05490A629C9E031003418F6 /* User Services.swift in Sources */ = {isa = PBXBuildFile; fileRef = F05490A529C9E031003418F6 /* User Services.swift */; };
		F05490A929C9E4DB003418F6 /* IUserServicesProtocol.swift in Sources */ = {isa = PBXBuildFile; fileRef = F05490A829C9E4DB003418F6 /* IUserServicesProtocol.swift */; };
		F05490AC29C9E5B4003418F6 /* UserViewModel.swift in Sources */ = {isa = PBXBuildFile; fileRef = F05490AB29C9E5B3003418F6 /* UserViewModel.swift */; };
		F05490AE29C9F389003418F6 /* users.json in Resources */ = {isa = PBXBuildFile; fileRef = F05490AD29C9F389003418F6 /* users.json */; };
		F05490B129C9F52D003418F6 /* Local Services.swift in Sources */ = {isa = PBXBuildFile; fileRef = F05490B029C9F52D003418F6 /* Local Services.swift */; };
/* End PBXBuildFile section */

/* Begin PBXFileReference section */
		F03F6A8329CA002B0092BDF6 /* Constants.swift */ = {isa = PBXFileReference; lastKnownFileType = sourcecode.swift; path = Constants.swift; sourceTree = "<group>"; };
		F054909029C9DE0F003418F6 /* ChangeableService.app */ = {isa = PBXFileReference; explicitFileType = wrapper.application; includeInIndex = 0; path = ChangeableService.app; sourceTree = BUILT_PRODUCTS_DIR; };
		F054909329C9DE0F003418F6 /* ChangeableServiceApp.swift */ = {isa = PBXFileReference; lastKnownFileType = sourcecode.swift; path = ChangeableServiceApp.swift; sourceTree = "<group>"; };
		F054909529C9DE0F003418F6 /* ContentView.swift */ = {isa = PBXFileReference; lastKnownFileType = sourcecode.swift; path = ContentView.swift; sourceTree = "<group>"; };
		F054909729C9DE0F003418F6 /* Assets.xcassets */ = {isa = PBXFileReference; lastKnownFileType = folder.assetcatalog; path = Assets.xcassets; sourceTree = "<group>"; };
		F054909A29C9DE0F003418F6 /* Preview Assets.xcassets */ = {isa = PBXFileReference; lastKnownFileType = folder.assetcatalog; path = "Preview Assets.xcassets"; sourceTree = "<group>"; };
		F05490A229C9DF91003418F6 /* User.swift */ = {isa = PBXFileReference; lastKnownFileType = sourcecode.swift; path = User.swift; sourceTree = "<group>"; };
		F05490A529C9E031003418F6 /* User Services.swift */ = {isa = PBXFileReference; lastKnownFileType = sourcecode.swift; path = "User Services.swift"; sourceTree = "<group>"; };
		F05490A829C9E4DB003418F6 /* IUserServicesProtocol.swift */ = {isa = PBXFileReference; lastKnownFileType = sourcecode.swift; path = IUserServicesProtocol.swift; sourceTree = "<group>"; };
		F05490AB29C9E5B3003418F6 /* UserViewModel.swift */ = {isa = PBXFileReference; lastKnownFileType = sourcecode.swift; path = UserViewModel.swift; sourceTree = "<group>"; };
		F05490AD29C9F389003418F6 /* users.json */ = {isa = PBXFileReference; fileEncoding = 4; lastKnownFileType = text.json; path = users.json; sourceTree = "<group>"; };
		F05490B029C9F52D003418F6 /* Local Services.swift */ = {isa = PBXFileReference; lastKnownFileType = sourcecode.swift; path = "Local Services.swift"; sourceTree = "<group>"; };
/* End PBXFileReference section */

/* Begin PBXFrameworksBuildPhase section */
		F054908D29C9DE0F003418F6 /* Frameworks */ = {
			isa = PBXFrameworksBuildPhase;
			buildActionMask = 2147483647;
			files = (
			);
			runOnlyForDeploymentPostprocessing = 0;
		};
/* End PBXFrameworksBuildPhase section */

/* Begin PBXGroup section */
		F03F6A8129C9FF090092BDF6 /* View */ = {
			isa = PBXGroup;
			children = (
				F054909529C9DE0F003418F6 /* ContentView.swift */,
			);
			path = View;
			sourceTree = "<group>";
		};
		F03F6A8229C9FFF70092BDF6 /* Constants */ = {
			isa = PBXGroup;
			children = (
				F03F6A8329CA002B0092BDF6 /* Constants.swift */,
			);
			path = Constants;
			sourceTree = "<group>";
		};
		F054908729C9DE0F003418F6 = {
			isa = PBXGroup;
			children = (
				F054909229C9DE0F003418F6 /* ChangeableService */,
				F054909129C9DE0F003418F6 /* Products */,
			);
			sourceTree = "<group>";
		};
		F054909129C9DE0F003418F6 /* Products */ = {
			isa = PBXGroup;
			children = (
				F054909029C9DE0F003418F6 /* ChangeableService.app */,
			);
			name = Products;
			sourceTree = "<group>";
		};
		F054909229C9DE0F003418F6 /* ChangeableService */ = {
			isa = PBXGroup;
			children = (
				F05490A129C9DF86003418F6 /* Model */,
				F03F6A8129C9FF090092BDF6 /* View */,
				F05490AA29C9E572003418F6 /* View Model */,
				F05490A729C9E4B8003418F6 /* Protocols */,
				F05490A429C9E020003418F6 /* Services */,
				F03F6A8229C9FFF70092BDF6 /* Constants */,
				F05490AF29C9F397003418F6 /* Local  */,
				F054909329C9DE0F003418F6 /* ChangeableServiceApp.swift */,
				F054909729C9DE0F003418F6 /* Assets.xcassets */,
				F054909929C9DE0F003418F6 /* Preview Content */,
			);
			path = ChangeableService;
			sourceTree = "<group>";
		};
		F054909929C9DE0F003418F6 /* Preview Content */ = {
			isa = PBXGroup;
			children = (
				F054909A29C9DE0F003418F6 /* Preview Assets.xcassets */,
			);
			path = "Preview Content";
			sourceTree = "<group>";
		};
		F05490A129C9DF86003418F6 /* Model */ = {
			isa = PBXGroup;
			children = (
				F05490A229C9DF91003418F6 /* User.swift */,
			);
			path = Model;
			sourceTree = "<group>";
		};
		F05490A429C9E020003418F6 /* Services */ = {
			isa = PBXGroup;
			children = (
				F05490A529C9E031003418F6 /* User Services.swift */,
				F05490B029C9F52D003418F6 /* Local Services.swift */,
			);
			path = Services;
			sourceTree = "<group>";
		};
		F05490A729C9E4B8003418F6 /* Protocols */ = {
			isa = PBXGroup;
			children = (
				F05490A829C9E4DB003418F6 /* IUserServicesProtocol.swift */,
			);
			path = Protocols;
			sourceTree = "<group>";
		};
		F05490AA29C9E572003418F6 /* View Model */ = {
			isa = PBXGroup;
			children = (
				F05490AB29C9E5B3003418F6 /* UserViewModel.swift */,
			);
			path = "View Model";
			sourceTree = "<group>";
		};
		F05490AF29C9F397003418F6 /* Local  */ = {
			isa = PBXGroup;
			children = (
				F05490AD29C9F389003418F6 /* users.json */,
			);
			path = "Local ";
			sourceTree = "<group>";
		};
/* End PBXGroup section */

/* Begin PBXNativeTarget section */
		F054908F29C9DE0F003418F6 /* ChangeableService */ = {
			isa = PBXNativeTarget;
			buildConfigurationList = F054909E29C9DE0F003418F6 /* Build configuration list for PBXNativeTarget "ChangeableService" */;
			buildPhases = (
				F054908C29C9DE0F003418F6 /* Sources */,
				F054908D29C9DE0F003418F6 /* Frameworks */,
				F054908E29C9DE0F003418F6 /* Resources */,
			);
			buildRules = (
			);
			dependencies = (
			);
			name = ChangeableService;
			productName = ChangeableService;
			productReference = F054909029C9DE0F003418F6 /* ChangeableService.app */;
			productType = "com.apple.product-type.application";
		};
/* End PBXNativeTarget section */

/* Begin PBXProject section */
		F054908829C9DE0F003418F6 /* Project object */ = {
			isa = PBXProject;
			attributes = {
				BuildIndependentTargetsInParallel = 1;
				LastSwiftUpdateCheck = 1420;
				LastUpgradeCheck = 1420;
				TargetAttributes = {
					F054908F29C9DE0F003418F6 = {
						CreatedOnToolsVersion = 14.2;
					};
				};
			};
			buildConfigurationList = F054908B29C9DE0F003418F6 /* Build configuration list for PBXProject "ChangeableService" */;
			compatibilityVersion = "Xcode 14.0";
			developmentRegion = en;
			hasScannedForEncodings = 0;
			knownRegions = (
				en,
				Base,
			);
			mainGroup = F054908729C9DE0F003418F6;
			productRefGroup = F054909129C9DE0F003418F6 /* Products */;
			projectDirPath = "";
			projectRoot = "";
			targets = (
				F054908F29C9DE0F003418F6 /* ChangeableService */,
			);
		};
/* End PBXProject section */

/* Begin PBXResourcesBuildPhase section */
		F054908E29C9DE0F003418F6 /* Resources */ = {
			isa = PBXResourcesBuildPhase;
			buildActionMask = 2147483647;
			files = (
				F05490AE29C9F389003418F6 /* users.json in Resources */,
				F054909B29C9DE0F003418F6 /* Preview Assets.xcassets in Resources */,
				F054909829C9DE0F003418F6 /* Assets.xcassets in Resources */,
			);
			runOnlyForDeploymentPostprocessing = 0;
		};
/* End PBXResourcesBuildPhase section */

/* Begin PBXSourcesBuildPhase section */
		F054908C29C9DE0F003418F6 /* Sources */ = {
			isa = PBXSourcesBuildPhase;
			buildActionMask = 2147483647;
			files = (
				F05490A929C9E4DB003418F6 /* IUserServicesProtocol.swift in Sources */,
				F05490AC29C9E5B4003418F6 /* UserViewModel.swift in Sources */,
				F05490B129C9F52D003418F6 /* Local Services.swift in Sources */,
				F054909629C9DE0F003418F6 /* ContentView.swift in Sources */,
				F05490A629C9E031003418F6 /* User Services.swift in Sources */,
				F054909429C9DE0F003418F6 /* ChangeableServiceApp.swift in Sources */,
				F05490A329C9DF91003418F6 /* User.swift in Sources */,
				F03F6A8429CA002B0092BDF6 /* Constants.swift in Sources */,
			);
			runOnlyForDeploymentPostprocessing = 0;
		};
/* End PBXSourcesBuildPhase section */

/* Begin XCBuildConfiguration section */
		F054909C29C9DE0F003418F6 /* Debug */ = {
			isa = XCBuildConfiguration;
			buildSettings = {
				ALWAYS_SEARCH_USER_PATHS = NO;
				CLANG_ANALYZER_NONNULL = YES;
				CLANG_ANALYZER_NUMBER_OBJECT_CONVERSION = YES_AGGRESSIVE;
				CLANG_CXX_LANGUAGE_STANDARD = "gnu++20";
				CLANG_ENABLE_MODULES = YES;
				CLANG_ENABLE_OBJC_ARC = YES;
				CLANG_ENABLE_OBJC_WEAK = YES;
				CLANG_WARN_BLOCK_CAPTURE_AUTORELEASING = YES;
				CLANG_WARN_BOOL_CONVERSION = YES;
				CLANG_WARN_COMMA = YES;
				CLANG_WARN_CONSTANT_CONVERSION = YES;
				CLANG_WARN_DEPRECATED_OBJC_IMPLEMENTATIONS = YES;
				CLANG_WARN_DIRECT_OBJC_ISA_USAGE = YES_ERROR;
				CLANG_WARN_DOCUMENTATION_COMMENTS = YES;
				CLANG_WARN_EMPTY_BODY = YES;
				CLANG_WARN_ENUM_CONVERSION = YES;
				CLANG_WARN_INFINITE_RECURSION = YES;
				CLANG_WARN_INT_CONVERSION = YES;
				CLANG_WARN_NON_LITERAL_NULL_CONVERSION = YES;
				CLANG_WARN_OBJC_IMPLICIT_RETAIN_SELF = YES;
				CLANG_WARN_OBJC_LITERAL_CONVERSION = YES;
				CLANG_WARN_OBJC_ROOT_CLASS = YES_ERROR;
				CLANG_WARN_QUOTED_INCLUDE_IN_FRAMEWORK_HEADER = YES;
				CLANG_WARN_RANGE_LOOP_ANALYSIS = YES;
				CLANG_WARN_STRICT_PROTOTYPES = YES;
				CLANG_WARN_SUSPICIOUS_MOVE = YES;
				CLANG_WARN_UNGUARDED_AVAILABILITY = YES_AGGRESSIVE;
				CLANG_WARN_UNREACHABLE_CODE = YES;
				CLANG_WARN__DUPLICATE_METHOD_MATCH = YES;
				COPY_PHASE_STRIP = NO;
				DEBUG_INFORMATION_FORMAT = dwarf;
				ENABLE_STRICT_OBJC_MSGSEND = YES;
				ENABLE_TESTABILITY = YES;
				GCC_C_LANGUAGE_STANDARD = gnu11;
				GCC_DYNAMIC_NO_PIC = NO;
				GCC_NO_COMMON_BLOCKS = YES;
				GCC_OPTIMIZATION_LEVEL = 0;
				GCC_PREPROCESSOR_DEFINITIONS = (
					"DEBUG=1",
					"$(inherited)",
				);
				GCC_WARN_64_TO_32_BIT_CONVERSION = YES;
				GCC_WARN_ABOUT_RETURN_TYPE = YES_ERROR;
				GCC_WARN_UNDECLARED_SELECTOR = YES;
				GCC_WARN_UNINITIALIZED_AUTOS = YES_AGGRESSIVE;
				GCC_WARN_UNUSED_FUNCTION = YES;
				GCC_WARN_UNUSED_VARIABLE = YES;
				IPHONEOS_DEPLOYMENT_TARGET = 16.2;
				MTL_ENABLE_DEBUG_INFO = INCLUDE_SOURCE;
				MTL_FAST_MATH = YES;
				ONLY_ACTIVE_ARCH = YES;
				SDKROOT = iphoneos;
				SWIFT_ACTIVE_COMPILATION_CONDITIONS = DEBUG;
				SWIFT_OPTIMIZATION_LEVEL = "-Onone";
			};
			name = Debug;
		};
		F054909D29C9DE0F003418F6 /* Release */ = {
			isa = XCBuildConfiguration;
			buildSettings = {
				ALWAYS_SEARCH_USER_PATHS = NO;
				CLANG_ANALYZER_NONNULL = YES;
				CLANG_ANALYZER_NUMBER_OBJECT_CONVERSION = YES_AGGRESSIVE;
				CLANG_CXX_LANGUAGE_STANDARD = "gnu++20";
				CLANG_ENABLE_MODULES = YES;
				CLANG_ENABLE_OBJC_ARC = YES;
				CLANG_ENABLE_OBJC_WEAK = YES;
				CLANG_WARN_BLOCK_CAPTURE_AUTORELEASING = YES;
				CLANG_WARN_BOOL_CONVERSION = YES;
				CLANG_WARN_COMMA = YES;
				CLANG_WARN_CONSTANT_CONVERSION = YES;
				CLANG_WARN_DEPRECATED_OBJC_IMPLEMENTATIONS = YES;
				CLANG_WARN_DIRECT_OBJC_ISA_USAGE = YES_ERROR;
				CLANG_WARN_DOCUMENTATION_COMMENTS = YES;
				CLANG_WARN_EMPTY_BODY = YES;
				CLANG_WARN_ENUM_CONVERSION = YES;
				CLANG_WARN_INFINITE_RECURSION = YES;
				CLANG_WARN_INT_CONVERSION = YES;
				CLANG_WARN_NON_LITERAL_NULL_CONVERSION = YES;
				CLANG_WARN_OBJC_IMPLICIT_RETAIN_SELF = YES;
				CLANG_WARN_OBJC_LITERAL_CONVERSION = YES;
				CLANG_WARN_OBJC_ROOT_CLASS = YES_ERROR;
				CLANG_WARN_QUOTED_INCLUDE_IN_FRAMEWORK_HEADER = YES;
				CLANG_WARN_RANGE_LOOP_ANALYSIS = YES;
				CLANG_WARN_STRICT_PROTOTYPES = YES;
				CLANG_WARN_SUSPICIOUS_MOVE = YES;
				CLANG_WARN_UNGUARDED_AVAILABILITY = YES_AGGRESSIVE;
				CLANG_WARN_UNREACHABLE_CODE = YES;
				CLANG_WARN__DUPLICATE_METHOD_MATCH = YES;
				COPY_PHASE_STRIP = NO;
				DEBUG_INFORMATION_FORMAT = "dwarf-with-dsym";
				ENABLE_NS_ASSERTIONS = NO;
				ENABLE_STRICT_OBJC_MSGSEND = YES;
				GCC_C_LANGUAGE_STANDARD = gnu11;
				GCC_NO_COMMON_BLOCKS = YES;
				GCC_WARN_64_TO_32_BIT_CONVERSION = YES;
				GCC_WARN_ABOUT_RETURN_TYPE = YES_ERROR;
				GCC_WARN_UNDECLARED_SELECTOR = YES;
				GCC_WARN_UNINITIALIZED_AUTOS = YES_AGGRESSIVE;
				GCC_WARN_UNUSED_FUNCTION = YES;
				GCC_WARN_UNUSED_VARIABLE = YES;
				IPHONEOS_DEPLOYMENT_TARGET = 16.2;
				MTL_ENABLE_DEBUG_INFO = NO;
				MTL_FAST_MATH = YES;
				SDKROOT = iphoneos;
				SWIFT_COMPILATION_MODE = wholemodule;
				SWIFT_OPTIMIZATION_LEVEL = "-O";
				VALIDATE_PRODUCT = YES;
			};
			name = Release;
		};
		F054909F29C9DE0F003418F6 /* Debug */ = {
			isa = XCBuildConfiguration;
			buildSettings = {
				ASSETCATALOG_COMPILER_APPICON_NAME = AppIcon;
				ASSETCATALOG_COMPILER_GLOBAL_ACCENT_COLOR_NAME = AccentColor;
				CODE_SIGN_STYLE = Automatic;
				CURRENT_PROJECT_VERSION = 1;
				DEVELOPMENT_ASSET_PATHS = "\"ChangeableService/Preview Content\"";
				DEVELOPMENT_TEAM = 65B4JSTX48;
				ENABLE_PREVIEWS = YES;
				GENERATE_INFOPLIST_FILE = YES;
				INFOPLIST_KEY_UIApplicationSceneManifest_Generation = YES;
				INFOPLIST_KEY_UIApplicationSupportsIndirectInputEvents = YES;
				INFOPLIST_KEY_UILaunchScreen_Generation = YES;
				INFOPLIST_KEY_UISupportedInterfaceOrientations_iPad = "UIInterfaceOrientationPortrait UIInterfaceOrientationPortraitUpsideDown UIInterfaceOrientationLandscapeLeft UIInterfaceOrientationLandscapeRight";
				INFOPLIST_KEY_UISupportedInterfaceOrientations_iPhone = "UIInterfaceOrientationPortrait UIInterfaceOrientationLandscapeLeft UIInterfaceOrientationLandscapeRight";
				LD_RUNPATH_SEARCH_PATHS = (
					"$(inherited)",
					"@executable_path/Frameworks",
				);
				MARKETING_VERSION = 1.0;
				PRODUCT_BUNDLE_IDENTIFIER = com.berkaycelikdemir.ChangeableService;
				PRODUCT_NAME = "$(TARGET_NAME)";
				SWIFT_EMIT_LOC_STRINGS = YES;
				SWIFT_VERSION = 5.0;
				TARGETED_DEVICE_FAMILY = "1,2";
			};
			name = Debug;
		};
		F05490A029C9DE0F003418F6 /* Release */ = {
			isa = XCBuildConfiguration;
			buildSettings = {
				ASSETCATALOG_COMPILER_APPICON_NAME = AppIcon;
				ASSETCATALOG_COMPILER_GLOBAL_ACCENT_COLOR_NAME = AccentColor;
				CODE_SIGN_STYLE = Automatic;
				CURRENT_PROJECT_VERSION = 1;
				DEVELOPMENT_ASSET_PATHS = "\"ChangeableService/Preview Content\"";
				DEVELOPMENT_TEAM = 65B4JSTX48;
				ENABLE_PREVIEWS = YES;
				GENERATE_INFOPLIST_FILE = YES;
				INFOPLIST_KEY_UIApplicationSceneManifest_Generation = YES;
				INFOPLIST_KEY_UIApplicationSupportsIndirectInputEvents = YES;
				INFOPLIST_KEY_UILaunchScreen_Generation = YES;
				INFOPLIST_KEY_UISupportedInterfaceOrientations_iPad = "UIInterfaceOrientationPortrait UIInterfaceOrientationPortraitUpsideDown UIInterfaceOrientationLandscapeLeft UIInterfaceOrientationLandscapeRight";
				INFOPLIST_KEY_UISupportedInterfaceOrientations_iPhone = "UIInterfaceOrientationPortrait UIInterfaceOrientationLandscapeLeft UIInterfaceOrientationLandscapeRight";
				LD_RUNPATH_SEARCH_PATHS = (
					"$(inherited)",
					"@executable_path/Frameworks",
				);
				MARKETING_VERSION = 1.0;
				PRODUCT_BUNDLE_IDENTIFIER = com.berkaycelikdemir.ChangeableService;
				PRODUCT_NAME = "$(TARGET_NAME)";
				SWIFT_EMIT_LOC_STRINGS = YES;
				SWIFT_VERSION = 5.0;
				TARGETED_DEVICE_FAMILY = "1,2";
			};
			name = Release;
		};
/* End XCBuildConfiguration section */

/* Begin XCConfigurationList section */
		F054908B29C9DE0F003418F6 /* Build configuration list for PBXProject "ChangeableService" */ = {
			isa = XCConfigurationList;
			buildConfigurations = (
				F054909C29C9DE0F003418F6 /* Debug */,
				F054909D29C9DE0F003418F6 /* Release */,
			);
			defaultConfigurationIsVisible = 0;
			defaultConfigurationName = Release;
		};
		F054909E29C9DE0F003418F6 /* Build configuration list for PBXNativeTarget "ChangeableService" */ = {
			isa = XCConfigurationList;
			buildConfigurations = (
				F054909F29C9DE0F003418F6 /* Debug */,
				F05490A029C9DE0F003418F6 /* Release */,
			);
			defaultConfigurationIsVisible = 0;
			defaultConfigurationName = Release;
		};
/* End XCConfigurationList section */
	};
	rootObject = F054908829C9DE0F003418F6 /* Project object */;
}
